github.com/kevinburke/go.uuid v1.2.0 h1:+1qP8NdkJfgOSTrrrUuA7h0djr1VY77HFXYjR+zUcUo=
github.com/kevinburke/go.uuid v1.2.0/go.mod h1:9gVngk1Hq1FjwewVAjsWEUT+xc6jP+p62CASaGmQ0NQ=
github.com/mongodb/mongo-go-driver v1.0.0 h1:aq055NT+Xu6ta/f7D51gIbLHIZwM0Gwzt9RHfmrzs6A=
github.com/mongodb/mongo-go-driver v1.0.0/go.mod h1:NK/HWDIIZkaYsnYa0hmtP443T5ELr0KDecmIioVuuyU=
